
Microsoft Visual Studio Solution File, Format Version 12.00
# Visual Studio Version 16
VisualStudioVersion = 16.0.29613.14
MinimumVisualStudioVersion = 10.0.40219.1
Project("{FAE04EC0-301F-11D3-BF4B-00C04F79EFBC}") = "MLDiabetesApp", "MLDiabetesApp\MLDiabetesApp.csproj", "{42593585-87A2-4886-895B-2DC1EE9757A3}"
EndProject
Project("{9A19103F-16F7-4668-BE54-9A1E7A4F7556}") = "MLDiabetesAppML.Model", "MLDiabetesAppML.Model\MLDiabetesAppML.Model.csproj", "{7782DAA8-D387-4C6D-B8C3-B422689FC453}"
EndProject
Project("{9A19103F-16F7-4668-BE54-9A1E7A4F7556}") = "MLDiabetesAppML.ConsoleApp", "MLDiabetesAppML.ConsoleApp\MLDiabetesAppML.ConsoleApp.csproj", "{75B9D818-1BD1-4ED1-8BD2-078941224576}"
EndProject
Global
	GlobalSection(SolutionConfigurationPlatforms) = preSolution
		Debug|Any CPU = Debug|Any CPU
		Release|Any CPU = Release|Any CPU
	EndGlobalSection
	GlobalSection(ProjectConfigurationPlatforms) = postSolution
		{42593585-87A2-4886-895B-2DC1EE9757A3}.Debug|Any CPU.ActiveCfg = Debug|Any CPU
		{42593585-87A2-4886-895B-2DC1EE9757A3}.Debug|Any CPU.Build.0 = Debug|Any CPU
		{42593585-87A2-4886-895B-2DC1EE9757A3}.Release|Any CPU.ActiveCfg = Release|Any CPU
		{42593585-87A2-4886-895B-2DC1EE9757A3}.Release|Any CPU.Build.0 = Release|Any CPU
		{7782DAA8-D387-4C6D-B8C3-B422689FC453}.Debug|Any CPU.ActiveCfg = Debug|Any CPU
		{7782DAA8-D387-4C6D-B8C3-B422689FC453}.Debug|Any CPU.Build.0 = Debug|Any CPU
		{7782DAA8-D387-4C6D-B8C3-B422689FC453}.Release|Any CPU.ActiveCfg = Release|Any CPU
		{7782DAA8-D387-4C6D-B8C3-B422689FC453}.Release|Any CPU.Build.0 = Release|Any CPU
		{75B9D818-1BD1-4ED1-8BD2-078941224576}.Debug|Any CPU.ActiveCfg = Debug|Any CPU
		{75B9D818-1BD1-4ED1-8BD2-078941224576}.Debug|Any CPU.Build.0 = Debug|Any CPU
		{75B9D818-1BD1-4ED1-8BD2-078941224576}.Release|Any CPU.ActiveCfg = Release|Any CPU
		{75B9D818-1BD1-4ED1-8BD2-078941224576}.Release|Any CPU.Build.0 = Release|Any CPU
	EndGlobalSection
	GlobalSection(SolutionProperties) = preSolution
		HideSolutionNode = FALSE
	EndGlobalSection
	GlobalSection(ExtensibilityGlobals) = postSolution
		SolutionGuid = {63170F62-38F0-4409-99DB-CFE46F494A8F}
	EndGlobalSection
EndGlobal
